// !$*UTF8*$!
{
	archiveVersion = 1;
	classes = {
	};
	objectVersion = 56;
	objects = {

/* Begin PBXBuildFile section */
		8C591DAA2B68EBFA0090645C /* AppDelegate.swift in Sources */ = {isa = PBXBuildFile; fileRef = 8C591DA92B68EBFA0090645C /* AppDelegate.swift */; };
		8C591DAC2B68EBFA0090645C /* SceneDelegate.swift in Sources */ = {isa = PBXBuildFile; fileRef = 8C591DAB2B68EBFA0090645C /* SceneDelegate.swift */; };
		8C591DAE2B68EBFA0090645C /* HomeViewController.swift in Sources */ = {isa = PBXBuildFile; fileRef = 8C591DAD2B68EBFA0090645C /* HomeViewController.swift */; };
		8C591DB12B68EBFA0090645C /* Main.storyboard in Resources */ = {isa = PBXBuildFile; fileRef = 8C591DAF2B68EBFA0090645C /* Main.storyboard */; };
		8C591DB32B68EBFB0090645C /* Assets.xcassets in Resources */ = {isa = PBXBuildFile; fileRef = 8C591DB22B68EBFB0090645C /* Assets.xcassets */; };
		8C591DB62B68EBFB0090645C /* LaunchScreen.storyboard in Resources */ = {isa = PBXBuildFile; fileRef = 8C591DB42B68EBFB0090645C /* LaunchScreen.storyboard */; };
		8C591DBF2B68EC1B0090645C /* .gitignore in Resources */ = {isa = PBXBuildFile; fileRef = 8C591DBE2B68EC1B0090645C /* .gitignore */; };
		8C591DC42B6901E20090645C /* SnapKit in Frameworks */ = {isa = PBXBuildFile; productRef = 8C591DC32B6901E20090645C /* SnapKit */; };
		8C591DC62B6901E20090645C /* SnapKit-Dynamic in Frameworks */ = {isa = PBXBuildFile; productRef = 8C591DC52B6901E20090645C /* SnapKit-Dynamic */; };
		8C591DC82B6906E90090645C /* Identifiable.swift in Sources */ = {isa = PBXBuildFile; fileRef = 8C591DC72B6906E90090645C /* Identifiable.swift */; };
		8C591DCD2B690B220090645C /* Kingfisher in Frameworks */ = {isa = PBXBuildFile; productRef = 8C591DCC2B690B220090645C /* Kingfisher */; };
		8C591DD02B690B2D0090645C /* Alamofire in Frameworks */ = {isa = PBXBuildFile; productRef = 8C591DCF2B690B2D0090645C /* Alamofire */; };
		8C591DD22B690D310090645C /* TvTableViewCell.swift in Sources */ = {isa = PBXBuildFile; fileRef = 8C591DD12B690D310090645C /* TvTableViewCell.swift */; };
		8C591DDA2B691CE20090645C /* ShowCollectionViewCell.swift in Sources */ = {isa = PBXBuildFile; fileRef = 8C591DD92B691CE20090645C /* ShowCollectionViewCell.swift */; };
		8C591DDD2B691FD40090645C /* TMDBAPIManager.swift in Sources */ = {isa = PBXBuildFile; fileRef = 8C591DDC2B691FD40090645C /* TMDBAPIManager.swift */; };
		8C591DDF2B691FE60090645C /* APIKeys.swift in Sources */ = {isa = PBXBuildFile; fileRef = 8C591DDE2B691FE60090645C /* APIKeys.swift */; };
		8C89D9C02B6BA629004308C1 /* TVShowTableViewController.swift in Sources */ = {isa = PBXBuildFile; fileRef = 8C89D9BF2B6BA629004308C1 /* TVShowTableViewController.swift */; };
		8C89D9C82B6BB21F004308C1 /* TVShowMainTableViewCell.swift in Sources */ = {isa = PBXBuildFile; fileRef = 8C89D9C72B6BB21F004308C1 /* TVShowMainTableViewCell.swift */; };
		8C89D9CA2B6BB99C004308C1 /* TVShowDetailTableViewCell.swift in Sources */ = {isa = PBXBuildFile; fileRef = 8C89D9C92B6BB99C004308C1 /* TVShowDetailTableViewCell.swift */; };
		8C89D9CC2B6BC534004308C1 /* TVShowDetailCollectionViewCell.swift in Sources */ = {isa = PBXBuildFile; fileRef = 8C89D9CB2B6BC534004308C1 /* TVShowDetailCollectionViewCell.swift */; };
		8C89D9CE2B6BCFC2004308C1 /* TMDBAPI.swift in Sources */ = {isa = PBXBuildFile; fileRef = 8C89D9CD2B6BCFC2004308C1 /* TMDBAPI.swift */; };
		8C89D9D02B6BD4A2004308C1 /* Models.swift in Sources */ = {isa = PBXBuildFile; fileRef = 8C89D9CF2B6BD4A2004308C1 /* Models.swift */; };
		8C89D9D22B6BE5CF004308C1 /* HomeSections.swift in Sources */ = {isa = PBXBuildFile; fileRef = 8C89D9D12B6BE5CF004308C1 /* HomeSections.swift */; };
		8C89D9D42B6BEE2C004308C1 /* DetailSections.swift in Sources */ = {isa = PBXBuildFile; fileRef = 8C89D9D32B6BEE2C004308C1 /* DetailSections.swift */; };
		8CDA299B2B6AB5FE00444F1F /* SectionTitleLabel.swift in Sources */ = {isa = PBXBuildFile; fileRef = 8CDA299A2B6AB5FE00444F1F /* SectionTitleLabel.swift */; };
		8CDA299D2B6AB6E000444F1F /* ShowImage.swift in Sources */ = {isa = PBXBuildFile; fileRef = 8CDA299C2B6AB6E000444F1F /* ShowImage.swift */; };
/* End PBXBuildFile section */

/* Begin PBXFileReference section */
		8C591DA62B68EBFA0090645C /* SESAC-Media.app */ = {isa = PBXFileReference; explicitFileType = wrapper.application; includeInIndex = 0; path = "SESAC-Media.app"; sourceTree = BUILT_PRODUCTS_DIR; };
		8C591DA92B68EBFA0090645C /* AppDelegate.swift */ = {isa = PBXFileReference; lastKnownFileType = sourcecode.swift; path = AppDelegate.swift; sourceTree = "<group>"; };
		8C591DAB2B68EBFA0090645C /* SceneDelegate.swift */ = {isa = PBXFileReference; lastKnownFileType = sourcecode.swift; path = SceneDelegate.swift; sourceTree = "<group>"; };
		8C591DAD2B68EBFA0090645C /* HomeViewController.swift */ = {isa = PBXFileReference; lastKnownFileType = sourcecode.swift; path = HomeViewController.swift; sourceTree = "<group>"; };
		8C591DB02B68EBFA0090645C /* Base */ = {isa = PBXFileReference; lastKnownFileType = file.storyboard; name = Base; path = Base.lproj/Main.storyboard; sourceTree = "<group>"; };
		8C591DB22B68EBFB0090645C /* Assets.xcassets */ = {isa = PBXFileReference; lastKnownFileType = folder.assetcatalog; path = Assets.xcassets; sourceTree = "<group>"; };
		8C591DB52B68EBFB0090645C /* Base */ = {isa = PBXFileReference; lastKnownFileType = file.storyboard; name = Base; path = Base.lproj/LaunchScreen.storyboard; sourceTree = "<group>"; };
		8C591DB72B68EBFB0090645C /* Info.plist */ = {isa = PBXFileReference; lastKnownFileType = text.plist.xml; path = Info.plist; sourceTree = "<group>"; };
		8C591DBE2B68EC1B0090645C /* .gitignore */ = {isa = PBXFileReference; lastKnownFileType = text; path = .gitignore; sourceTree = "<group>"; };
		8C591DC72B6906E90090645C /* Identifiable.swift */ = {isa = PBXFileReference; lastKnownFileType = sourcecode.swift; path = Identifiable.swift; sourceTree = "<group>"; };
		8C591DD12B690D310090645C /* TvTableViewCell.swift */ = {isa = PBXFileReference; lastKnownFileType = sourcecode.swift; path = TvTableViewCell.swift; sourceTree = "<group>"; };
		8C591DD92B691CE20090645C /* ShowCollectionViewCell.swift */ = {isa = PBXFileReference; lastKnownFileType = sourcecode.swift; path = ShowCollectionViewCell.swift; sourceTree = "<group>"; };
		8C591DDC2B691FD40090645C /* TMDBAPIManager.swift */ = {isa = PBXFileReference; lastKnownFileType = sourcecode.swift; path = TMDBAPIManager.swift; sourceTree = "<group>"; };
		8C591DDE2B691FE60090645C /* APIKeys.swift */ = {isa = PBXFileReference; lastKnownFileType = sourcecode.swift; path = APIKeys.swift; sourceTree = "<group>"; };
		8C89D9BF2B6BA629004308C1 /* TVShowTableViewController.swift */ = {isa = PBXFileReference; lastKnownFileType = sourcecode.swift; path = TVShowTableViewController.swift; sourceTree = "<group>"; };
		8C89D9C72B6BB21F004308C1 /* TVShowMainTableViewCell.swift */ = {isa = PBXFileReference; lastKnownFileType = sourcecode.swift; path = TVShowMainTableViewCell.swift; sourceTree = "<group>"; };
		8C89D9C92B6BB99C004308C1 /* TVShowDetailTableViewCell.swift */ = {isa = PBXFileReference; lastKnownFileType = sourcecode.swift; path = TVShowDetailTableViewCell.swift; sourceTree = "<group>"; };
		8C89D9CB2B6BC534004308C1 /* TVShowDetailCollectionViewCell.swift */ = {isa = PBXFileReference; lastKnownFileType = sourcecode.swift; path = TVShowDetailCollectionViewCell.swift; sourceTree = "<group>"; };
		8C89D9CD2B6BCFC2004308C1 /* TMDBAPI.swift */ = {isa = PBXFileReference; lastKnownFileType = sourcecode.swift; path = TMDBAPI.swift; sourceTree = "<group>"; };
		8C89D9CF2B6BD4A2004308C1 /* Models.swift */ = {isa = PBXFileReference; lastKnownFileType = sourcecode.swift; path = Models.swift; sourceTree = "<group>"; };
		8C89D9D12B6BE5CF004308C1 /* HomeSections.swift */ = {isa = PBXFileReference; lastKnownFileType = sourcecode.swift; path = HomeSections.swift; sourceTree = "<group>"; };
		8C89D9D32B6BEE2C004308C1 /* DetailSections.swift */ = {isa = PBXFileReference; lastKnownFileType = sourcecode.swift; path = DetailSections.swift; sourceTree = "<group>"; };
		8CDA299A2B6AB5FE00444F1F /* SectionTitleLabel.swift */ = {isa = PBXFileReference; lastKnownFileType = sourcecode.swift; path = SectionTitleLabel.swift; sourceTree = "<group>"; };
		8CDA299C2B6AB6E000444F1F /* ShowImage.swift */ = {isa = PBXFileReference; lastKnownFileType = sourcecode.swift; path = ShowImage.swift; sourceTree = "<group>"; };
/* End PBXFileReference section */

/* Begin PBXFrameworksBuildPhase section */
		8C591DA32B68EBFA0090645C /* Frameworks */ = {
			isa = PBXFrameworksBuildPhase;
			buildActionMask = 2147483647;
			files = (
				8C591DCD2B690B220090645C /* Kingfisher in Frameworks */,
				8C591DD02B690B2D0090645C /* Alamofire in Frameworks */,
				8C591DC42B6901E20090645C /* SnapKit in Frameworks */,
				8C591DC62B6901E20090645C /* SnapKit-Dynamic in Frameworks */,
			);
			runOnlyForDeploymentPostprocessing = 0;
		};
/* End PBXFrameworksBuildPhase section */

/* Begin PBXGroup section */
		8C591D9D2B68EBFA0090645C = {
			isa = PBXGroup;
			children = (
				8C591DBE2B68EC1B0090645C /* .gitignore */,
				8C591DA82B68EBFA0090645C /* SESAC-Media */,
				8C591DA72B68EBFA0090645C /* Products */,
			);
			sourceTree = "<group>";
		};
		8C591DA72B68EBFA0090645C /* Products */ = {
			isa = PBXGroup;
			children = (
				8C591DA62B68EBFA0090645C /* SESAC-Media.app */,
			);
			name = Products;
			sourceTree = "<group>";
		};
		8C591DA82B68EBFA0090645C /* SESAC-Media */ = {
			isa = PBXGroup;
			children = (
				8C591DAF2B68EBFA0090645C /* Main.storyboard */,
				8C591DB42B68EBFB0090645C /* LaunchScreen.storyboard */,
				8C591DB22B68EBFB0090645C /* Assets.xcassets */,
				8C591DB72B68EBFB0090645C /* Info.plist */,
				8CDA29992B6AB5D900444F1F /* CustonView */,
				8C591DBD2B68EC060090645C /* Delegates */,
				8C591DE22B6932900090645C /* Extension */,
				8C591DDB2B691FB40090645C /* Network */,
				8CDA297F2B6A546400444F1F /* Home */,
				8CDA29802B6A547800444F1F /* Detail */,
			);
			path = "SESAC-Media";
			sourceTree = "<group>";
		};
		8C591DBD2B68EC060090645C /* Delegates */ = {
			isa = PBXGroup;
			children = (
				8C591DA92B68EBFA0090645C /* AppDelegate.swift */,
				8C591DAB2B68EBFA0090645C /* SceneDelegate.swift */,
			);
			path = Delegates;
			sourceTree = "<group>";
		};
		8C591DDB2B691FB40090645C /* Network */ = {
			isa = PBXGroup;
			children = (
				8C591DDC2B691FD40090645C /* TMDBAPIManager.swift */,
				8C591DDE2B691FE60090645C /* APIKeys.swift */,
				8C89D9CF2B6BD4A2004308C1 /* Models.swift */,
				8C89D9CD2B6BCFC2004308C1 /* TMDBAPI.swift */,
				8C89D9D12B6BE5CF004308C1 /* HomeSections.swift */,
				8C89D9D32B6BEE2C004308C1 /* DetailSections.swift */,
			);
			path = Network;
			sourceTree = "<group>";
		};
		8C591DE22B6932900090645C /* Extension */ = {
			isa = PBXGroup;
			children = (
				8C591DC72B6906E90090645C /* Identifiable.swift */,
			);
			path = Extension;
			sourceTree = "<group>";
		};
		8CDA297F2B6A546400444F1F /* Home */ = {
			isa = PBXGroup;
			children = (
				8C591DAD2B68EBFA0090645C /* HomeViewController.swift */,
				8C591DD12B690D310090645C /* TvTableViewCell.swift */,
				8C591DD92B691CE20090645C /* ShowCollectionViewCell.swift */,
			);
			path = Home;
			sourceTree = "<group>";
		};
		8CDA29802B6A547800444F1F /* Detail */ = {
			isa = PBXGroup;
			children = (
				8C89D9BF2B6BA629004308C1 /* TVShowTableViewController.swift */,
				8C89D9C72B6BB21F004308C1 /* TVShowMainTableViewCell.swift */,
				8C89D9C92B6BB99C004308C1 /* TVShowDetailTableViewCell.swift */,
				8C89D9CB2B6BC534004308C1 /* TVShowDetailCollectionViewCell.swift */,
			);
			path = Detail;
			sourceTree = "<group>";
		};
		8CDA29992B6AB5D900444F1F /* CustonView */ = {
			isa = PBXGroup;
			children = (
				8CDA299A2B6AB5FE00444F1F /* SectionTitleLabel.swift */,
				8CDA299C2B6AB6E000444F1F /* ShowImage.swift */,
			);
			path = CustonView;
			sourceTree = "<group>";
		};
/* End PBXGroup section */

/* Begin PBXNativeTarget section */
		8C591DA52B68EBFA0090645C /* SESAC-Media */ = {
			isa = PBXNativeTarget;
			buildConfigurationList = 8C591DBA2B68EBFB0090645C /* Build configuration list for PBXNativeTarget "SESAC-Media" */;
			buildPhases = (
				8C591DA22B68EBFA0090645C /* Sources */,
				8C591DA32B68EBFA0090645C /* Frameworks */,
				8C591DA42B68EBFA0090645C /* Resources */,
			);
			buildRules = (
			);
			dependencies = (
			);
			name = "SESAC-Media";
			packageProductDependencies = (
				8C591DC32B6901E20090645C /* SnapKit */,
				8C591DC52B6901E20090645C /* SnapKit-Dynamic */,
				8C591DCC2B690B220090645C /* Kingfisher */,
				8C591DCF2B690B2D0090645C /* Alamofire */,
			);
			productName = "SESAC-Media";
			productReference = 8C591DA62B68EBFA0090645C /* SESAC-Media.app */;
			productType = "com.apple.product-type.application";
		};
/* End PBXNativeTarget section */

/* Begin PBXProject section */
		8C591D9E2B68EBFA0090645C /* Project object */ = {
			isa = PBXProject;
			attributes = {
				BuildIndependentTargetsInParallel = 1;
				LastSwiftUpdateCheck = 1520;
				LastUpgradeCheck = 1520;
				TargetAttributes = {
					8C591DA52B68EBFA0090645C = {
						CreatedOnToolsVersion = 15.2;
					};
				};
			};
			buildConfigurationList = 8C591DA12B68EBFA0090645C /* Build configuration list for PBXProject "SESAC-Media" */;
			compatibilityVersion = "Xcode 14.0";
			developmentRegion = en;
			hasScannedForEncodings = 0;
			knownRegions = (
				en,
				Base,
			);
			mainGroup = 8C591D9D2B68EBFA0090645C;
			packageReferences = (
				8C591DC22B6901E20090645C /* XCRemoteSwiftPackageReference "SnapKit" */,
				8C591DCB2B690B220090645C /* XCRemoteSwiftPackageReference "Kingfisher" */,
				8C591DCE2B690B2D0090645C /* XCRemoteSwiftPackageReference "Alamofire" */,
			);
			productRefGroup = 8C591DA72B68EBFA0090645C /* Products */;
			projectDirPath = "";
			projectRoot = "";
			targets = (
				8C591DA52B68EBFA0090645C /* SESAC-Media */,
			);
		};
/* End PBXProject section */

/* Begin PBXResourcesBuildPhase section */
		8C591DA42B68EBFA0090645C /* Resources */ = {
			isa = PBXResourcesBuildPhase;
			buildActionMask = 2147483647;
			files = (
				8C591DBF2B68EC1B0090645C /* .gitignore in Resources */,
				8C591DB62B68EBFB0090645C /* LaunchScreen.storyboard in Resources */,
				8C591DB32B68EBFB0090645C /* Assets.xcassets in Resources */,
				8C591DB12B68EBFA0090645C /* Main.storyboard in Resources */,
			);
			runOnlyForDeploymentPostprocessing = 0;
		};
/* End PBXResourcesBuildPhase section */

/* Begin PBXSourcesBuildPhase section */
		8C591DA22B68EBFA0090645C /* Sources */ = {
			isa = PBXSourcesBuildPhase;
			buildActionMask = 2147483647;
			files = (
				8C89D9D02B6BD4A2004308C1 /* Models.swift in Sources */,
				8C89D9C82B6BB21F004308C1 /* TVShowMainTableViewCell.swift in Sources */,
				8C591DDA2B691CE20090645C /* ShowCollectionViewCell.swift in Sources */,
				8C591DD22B690D310090645C /* TvTableViewCell.swift in Sources */,
				8C591DDF2B691FE60090645C /* APIKeys.swift in Sources */,
				8C89D9D22B6BE5CF004308C1 /* HomeSections.swift in Sources */,
				8C89D9CE2B6BCFC2004308C1 /* TMDBAPI.swift in Sources */,
				8C89D9C02B6BA629004308C1 /* TVShowTableViewController.swift in Sources */,
				8C89D9CA2B6BB99C004308C1 /* TVShowDetailTableViewCell.swift in Sources */,
				8CDA299B2B6AB5FE00444F1F /* SectionTitleLabel.swift in Sources */,
				8C89D9D42B6BEE2C004308C1 /* DetailSections.swift in Sources */,
				8C591DDD2B691FD40090645C /* TMDBAPIManager.swift in Sources */,
				8C591DAE2B68EBFA0090645C /* HomeViewController.swift in Sources */,
				8C591DC82B6906E90090645C /* Identifiable.swift in Sources */,
				8C591DAA2B68EBFA0090645C /* AppDelegate.swift in Sources */,
				8C591DAC2B68EBFA0090645C /* SceneDelegate.swift in Sources */,
				8CDA299D2B6AB6E000444F1F /* ShowImage.swift in Sources */,
				8C89D9CC2B6BC534004308C1 /* TVShowDetailCollectionViewCell.swift in Sources */,
			);
			runOnlyForDeploymentPostprocessing = 0;
		};
/* End PBXSourcesBuildPhase section */

/* Begin PBXVariantGroup section */
		8C591DAF2B68EBFA0090645C /* Main.storyboard */ = {
			isa = PBXVariantGroup;
			children = (
				8C591DB02B68EBFA0090645C /* Base */,
			);
			name = Main.storyboard;
			sourceTree = "<group>";
		};
		8C591DB42B68EBFB0090645C /* LaunchScreen.storyboard */ = {
			isa = PBXVariantGroup;
			children = (
				8C591DB52B68EBFB0090645C /* Base */,
			);
			name = LaunchScreen.storyboard;
			sourceTree = "<group>";
		};
/* End PBXVariantGroup section */

/* Begin XCBuildConfiguration section */
		8C591DB82B68EBFB0090645C /* Debug */ = {
			isa = XCBuildConfiguration;
			buildSettings = {
				ALWAYS_SEARCH_USER_PATHS = NO;
				ASSETCATALOG_COMPILER_GENERATE_SWIFT_ASSET_SYMBOL_EXTENSIONS = YES;
				CLANG_ANALYZER_NONNULL = YES;
				CLANG_ANALYZER_NUMBER_OBJECT_CONVERSION = YES_AGGRESSIVE;
				CLANG_CXX_LANGUAGE_STANDARD = "gnu++20";
				CLANG_ENABLE_MODULES = YES;
				CLANG_ENABLE_OBJC_ARC = YES;
				CLANG_ENABLE_OBJC_WEAK = YES;
				CLANG_WARN_BLOCK_CAPTURE_AUTORELEASING = YES;
				CLANG_WARN_BOOL_CONVERSION = YES;
				CLANG_WARN_COMMA = YES;
				CLANG_WARN_CONSTANT_CONVERSION = YES;
				CLANG_WARN_DEPRECATED_OBJC_IMPLEMENTATIONS = YES;
				CLANG_WARN_DIRECT_OBJC_ISA_USAGE = YES_ERROR;
				CLANG_WARN_DOCUMENTATION_COMMENTS = YES;
				CLANG_WARN_EMPTY_BODY = YES;
				CLANG_WARN_ENUM_CONVERSION = YES;
				CLANG_WARN_INFINITE_RECURSION = YES;
				CLANG_WARN_INT_CONVERSION = YES;
				CLANG_WARN_NON_LITERAL_NULL_CONVERSION = YES;
				CLANG_WARN_OBJC_IMPLICIT_RETAIN_SELF = YES;
				CLANG_WARN_OBJC_LITERAL_CONVERSION = YES;
				CLANG_WARN_OBJC_ROOT_CLASS = YES_ERROR;
				CLANG_WARN_QUOTED_INCLUDE_IN_FRAMEWORK_HEADER = YES;
				CLANG_WARN_RANGE_LOOP_ANALYSIS = YES;
				CLANG_WARN_STRICT_PROTOTYPES = YES;
				CLANG_WARN_SUSPICIOUS_MOVE = YES;
				CLANG_WARN_UNGUARDED_AVAILABILITY = YES_AGGRESSIVE;
				CLANG_WARN_UNREACHABLE_CODE = YES;
				CLANG_WARN__DUPLICATE_METHOD_MATCH = YES;
				COPY_PHASE_STRIP = NO;
				DEBUG_INFORMATION_FORMAT = dwarf;
				ENABLE_STRICT_OBJC_MSGSEND = YES;
				ENABLE_TESTABILITY = YES;
				ENABLE_USER_SCRIPT_SANDBOXING = YES;
				GCC_C_LANGUAGE_STANDARD = gnu17;
				GCC_DYNAMIC_NO_PIC = NO;
				GCC_NO_COMMON_BLOCKS = YES;
				GCC_OPTIMIZATION_LEVEL = 0;
				GCC_PREPROCESSOR_DEFINITIONS = (
					"DEBUG=1",
					"$(inherited)",
				);
				GCC_WARN_64_TO_32_BIT_CONVERSION = YES;
				GCC_WARN_ABOUT_RETURN_TYPE = YES_ERROR;
				GCC_WARN_UNDECLARED_SELECTOR = YES;
				GCC_WARN_UNINITIALIZED_AUTOS = YES_AGGRESSIVE;
				GCC_WARN_UNUSED_FUNCTION = YES;
				GCC_WARN_UNUSED_VARIABLE = YES;
				IPHONEOS_DEPLOYMENT_TARGET = 17.2;
				LOCALIZATION_PREFERS_STRING_CATALOGS = YES;
				MTL_ENABLE_DEBUG_INFO = INCLUDE_SOURCE;
				MTL_FAST_MATH = YES;
				ONLY_ACTIVE_ARCH = YES;
				SDKROOT = iphoneos;
				SWIFT_ACTIVE_COMPILATION_CONDITIONS = "DEBUG $(inherited)";
				SWIFT_OPTIMIZATION_LEVEL = "-Onone";
			};
			name = Debug;
		};
		8C591DB92B68EBFB0090645C /* Release */ = {
			isa = XCBuildConfiguration;
			buildSettings = {
				ALWAYS_SEARCH_USER_PATHS = NO;
				ASSETCATALOG_COMPILER_GENERATE_SWIFT_ASSET_SYMBOL_EXTENSIONS = YES;
				CLANG_ANALYZER_NONNULL = YES;
				CLANG_ANALYZER_NUMBER_OBJECT_CONVERSION = YES_AGGRESSIVE;
				CLANG_CXX_LANGUAGE_STANDARD = "gnu++20";
				CLANG_ENABLE_MODULES = YES;
				CLANG_ENABLE_OBJC_ARC = YES;
				CLANG_ENABLE_OBJC_WEAK = YES;
				CLANG_WARN_BLOCK_CAPTURE_AUTORELEASING = YES;
				CLANG_WARN_BOOL_CONVERSION = YES;
				CLANG_WARN_COMMA = YES;
				CLANG_WARN_CONSTANT_CONVERSION = YES;
				CLANG_WARN_DEPRECATED_OBJC_IMPLEMENTATIONS = YES;
				CLANG_WARN_DIRECT_OBJC_ISA_USAGE = YES_ERROR;
				CLANG_WARN_DOCUMENTATION_COMMENTS = YES;
				CLANG_WARN_EMPTY_BODY = YES;
				CLANG_WARN_ENUM_CONVERSION = YES;
				CLANG_WARN_INFINITE_RECURSION = YES;
				CLANG_WARN_INT_CONVERSION = YES;
				CLANG_WARN_NON_LITERAL_NULL_CONVERSION = YES;
				CLANG_WARN_OBJC_IMPLICIT_RETAIN_SELF = YES;
				CLANG_WARN_OBJC_LITERAL_CONVERSION = YES;
				CLANG_WARN_OBJC_ROOT_CLASS = YES_ERROR;
				CLANG_WARN_QUOTED_INCLUDE_IN_FRAMEWORK_HEADER = YES;
				CLANG_WARN_RANGE_LOOP_ANALYSIS = YES;
				CLANG_WARN_STRICT_PROTOTYPES = YES;
				CLANG_WARN_SUSPICIOUS_MOVE = YES;
				CLANG_WARN_UNGUARDED_AVAILABILITY = YES_AGGRESSIVE;
				CLANG_WARN_UNREACHABLE_CODE = YES;
				CLANG_WARN__DUPLICATE_METHOD_MATCH = YES;
				COPY_PHASE_STRIP = NO;
				DEBUG_INFORMATION_FORMAT = "dwarf-with-dsym";
				ENABLE_NS_ASSERTIONS = NO;
				ENABLE_STRICT_OBJC_MSGSEND = YES;
				ENABLE_USER_SCRIPT_SANDBOXING = YES;
				GCC_C_LANGUAGE_STANDARD = gnu17;
				GCC_NO_COMMON_BLOCKS = YES;
				GCC_WARN_64_TO_32_BIT_CONVERSION = YES;
				GCC_WARN_ABOUT_RETURN_TYPE = YES_ERROR;
				GCC_WARN_UNDECLARED_SELECTOR = YES;
				GCC_WARN_UNINITIALIZED_AUTOS = YES_AGGRESSIVE;
				GCC_WARN_UNUSED_FUNCTION = YES;
				GCC_WARN_UNUSED_VARIABLE = YES;
				IPHONEOS_DEPLOYMENT_TARGET = 17.2;
				LOCALIZATION_PREFERS_STRING_CATALOGS = YES;
				MTL_ENABLE_DEBUG_INFO = NO;
				MTL_FAST_MATH = YES;
				SDKROOT = iphoneos;
				SWIFT_COMPILATION_MODE = wholemodule;
				VALIDATE_PRODUCT = YES;
			};
			name = Release;
		};
		8C591DBB2B68EBFB0090645C /* Debug */ = {
			isa = XCBuildConfiguration;
			buildSettings = {
				ASSETCATALOG_COMPILER_APPICON_NAME = AppIcon;
				ASSETCATALOG_COMPILER_GLOBAL_ACCENT_COLOR_NAME = AccentColor;
				CODE_SIGN_STYLE = Automatic;
				CURRENT_PROJECT_VERSION = 1;
				DEVELOPMENT_TEAM = WZ7JVY478C;
				GENERATE_INFOPLIST_FILE = YES;
				INFOPLIST_FILE = "SESAC-Media/Info.plist";
				INFOPLIST_KEY_UIApplicationSupportsIndirectInputEvents = YES;
				INFOPLIST_KEY_UILaunchStoryboardName = LaunchScreen;
				INFOPLIST_KEY_UIMainStoryboardFile = Main;
				INFOPLIST_KEY_UISupportedInterfaceOrientations_iPad = "UIInterfaceOrientationPortrait UIInterfaceOrientationPortraitUpsideDown UIInterfaceOrientationLandscapeLeft UIInterfaceOrientationLandscapeRight";
				INFOPLIST_KEY_UISupportedInterfaceOrientations_iPhone = "UIInterfaceOrientationPortrait UIInterfaceOrientationLandscapeLeft UIInterfaceOrientationLandscapeRight";
				LD_RUNPATH_SEARCH_PATHS = (
					"$(inherited)",
					"@executable_path/Frameworks",
				);
				MARKETING_VERSION = 1.0;
				PRODUCT_BUNDLE_IDENTIFIER = "com.seryunchun.SESAC-Media";
				PRODUCT_NAME = "$(TARGET_NAME)";
				SUPPORTED_PLATFORMS = "iphoneos iphonesimulator";
				SUPPORTS_MACCATALYST = NO;
				SUPPORTS_MAC_DESIGNED_FOR_IPHONE_IPAD = NO;
				SUPPORTS_XR_DESIGNED_FOR_IPHONE_IPAD = NO;
				SWIFT_EMIT_LOC_STRINGS = YES;
				SWIFT_VERSION = 5.0;
				TARGETED_DEVICE_FAMILY = 1;
			};
			name = Debug;
		};
		8C591DBC2B68EBFB0090645C /* Release */ = {
			isa = XCBuildConfiguration;
			buildSettings = {
				ASSETCATALOG_COMPILER_APPICON_NAME = AppIcon;
				ASSETCATALOG_COMPILER_GLOBAL_ACCENT_COLOR_NAME = AccentColor;
				CODE_SIGN_STYLE = Automatic;
				CURRENT_PROJECT_VERSION = 1;
				DEVELOPMENT_TEAM = WZ7JVY478C;
				GENERATE_INFOPLIST_FILE = YES;
				INFOPLIST_FILE = "SESAC-Media/Info.plist";
				INFOPLIST_KEY_UIApplicationSupportsIndirectInputEvents = YES;
				INFOPLIST_KEY_UILaunchStoryboardName = LaunchScreen;
				INFOPLIST_KEY_UIMainStoryboardFile = Main;
				INFOPLIST_KEY_UISupportedInterfaceOrientations_iPad = "UIInterfaceOrientationPortrait UIInterfaceOrientationPortraitUpsideDown UIInterfaceOrientationLandscapeLeft UIInterfaceOrientationLandscapeRight";
				INFOPLIST_KEY_UISupportedInterfaceOrientations_iPhone = "UIInterfaceOrientationPortrait UIInterfaceOrientationLandscapeLeft UIInterfaceOrientationLandscapeRight";
				LD_RUNPATH_SEARCH_PATHS = (
					"$(inherited)",
					"@executable_path/Frameworks",
				);
				MARKETING_VERSION = 1.0;
				PRODUCT_BUNDLE_IDENTIFIER = "com.seryunchun.SESAC-Media";
				PRODUCT_NAME = "$(TARGET_NAME)";
				SUPPORTED_PLATFORMS = "iphoneos iphonesimulator";
				SUPPORTS_MACCATALYST = NO;
				SUPPORTS_MAC_DESIGNED_FOR_IPHONE_IPAD = NO;
				SUPPORTS_XR_DESIGNED_FOR_IPHONE_IPAD = NO;
				SWIFT_EMIT_LOC_STRINGS = YES;
				SWIFT_VERSION = 5.0;
				TARGETED_DEVICE_FAMILY = 1;
			};
			name = Release;
		};
/* End XCBuildConfiguration section */

/* Begin XCConfigurationList section */
		8C591DA12B68EBFA0090645C /* Build configuration list for PBXProject "SESAC-Media" */ = {
			isa = XCConfigurationList;
			buildConfigurations = (
				8C591DB82B68EBFB0090645C /* Debug */,
				8C591DB92B68EBFB0090645C /* Release */,
			);
			defaultConfigurationIsVisible = 0;
			defaultConfigurationName = Release;
		};
		8C591DBA2B68EBFB0090645C /* Build configuration list for PBXNativeTarget "SESAC-Media" */ = {
			isa = XCConfigurationList;
			buildConfigurations = (
				8C591DBB2B68EBFB0090645C /* Debug */,
				8C591DBC2B68EBFB0090645C /* Release */,
			);
			defaultConfigurationIsVisible = 0;
			defaultConfigurationName = Release;
		};
/* End XCConfigurationList section */

/* Begin XCRemoteSwiftPackageReference section */
		8C591DC22B6901E20090645C /* XCRemoteSwiftPackageReference "SnapKit" */ = {
			isa = XCRemoteSwiftPackageReference;
			repositoryURL = "https://github.com/SnapKit/SnapKit.git";
			requirement = {
				kind = upToNextMajorVersion;
				minimumVersion = 5.7.0;
			};
		};
		8C591DCB2B690B220090645C /* XCRemoteSwiftPackageReference "Kingfisher" */ = {
			isa = XCRemoteSwiftPackageReference;
			repositoryURL = "https://github.com/onevcat/Kingfisher.git";
			requirement = {
				kind = upToNextMajorVersion;
				minimumVersion = 7.10.2;
			};
		};
		8C591DCE2B690B2D0090645C /* XCRemoteSwiftPackageReference "Alamofire" */ = {
			isa = XCRemoteSwiftPackageReference;
			repositoryURL = "https://github.com/Alamofire/Alamofire";
			requirement = {
				kind = upToNextMajorVersion;
				minimumVersion = 5.8.1;
			};
		};
/* End XCRemoteSwiftPackageReference section */

/* Begin XCSwiftPackageProductDependency section */
		8C591DC32B6901E20090645C /* SnapKit */ = {
			isa = XCSwiftPackageProductDependency;
			package = 8C591DC22B6901E20090645C /* XCRemoteSwiftPackageReference "SnapKit" */;
			productName = SnapKit;
		};
		8C591DC52B6901E20090645C /* SnapKit-Dynamic */ = {
			isa = XCSwiftPackageProductDependency;
			package = 8C591DC22B6901E20090645C /* XCRemoteSwiftPackageReference "SnapKit" */;
			productName = "SnapKit-Dynamic";
		};
		8C591DCC2B690B220090645C /* Kingfisher */ = {
			isa = XCSwiftPackageProductDependency;
			package = 8C591DCB2B690B220090645C /* XCRemoteSwiftPackageReference "Kingfisher" */;
			productName = Kingfisher;
		};
		8C591DCF2B690B2D0090645C /* Alamofire */ = {
			isa = XCSwiftPackageProductDependency;
			package = 8C591DCE2B690B2D0090645C /* XCRemoteSwiftPackageReference "Alamofire" */;
			productName = Alamofire;
		};
/* End XCSwiftPackageProductDependency section */
	};
	rootObject = 8C591D9E2B68EBFA0090645C /* Project object */;
}
